# This file is automatically @generated by Cargo.
# It is not intended for manual editing.
version = 3

[[package]]
name = "detect-drop"
version = "0.1.0"
source = "git+https://github.com/Esu0/detect-drop#10b9a549a4cae41cb31775ea9d07a79889279026"

[[package]]
name = "doubly-linked-list"
version = "0.1.0"
dependencies = [
 "detect-drop",
 "thin-dst",
]

[[package]]
name = "thin-dst"
version = "1.1.0"
source = "registry+https://github.com/rust-lang/crates.io-index"
checksum = "db3c46be180f1af9673ebb27bc1235396f61ef6965b3fe0dbb2e624deb604f0e"
