# This file is automatically @generated by Cargo.
# It is not intended for manual editing.
version = 3

[[package]]
name = "detect-drop"
version = "0.1.0"
source = "git+https://github.com/Esu0/detect-drop#10b9a549a4cae41cb31775ea9d07a79889279026"

[[package]]
name = "doubly-linked-list"
version = "0.1.0"
dependencies = [
 "detect-drop",
]
